// !$*UTF8*$!
{
	archiveVersion = 1;
	classes = {
	};
	objectVersion = 55;
	objects = {

/* Begin PBXBuildFile section */
		4B06040C27A1620400644A1E /* TopCard.swift in Sources */ = {isa = PBXBuildFile; fileRef = 4B06040B27A1620400644A1E /* TopCard.swift */; };
		4B06040E27A1761C00644A1E /* BottomCard.swift in Sources */ = {isa = PBXBuildFile; fileRef = 4B06040D27A1761C00644A1E /* BottomCard.swift */; };
		4B92410E279FFED8008D6EF5 /* startbux_design_tutsApp.swift in Sources */ = {isa = PBXBuildFile; fileRef = 4B92410D279FFED8008D6EF5 /* startbux_design_tutsApp.swift */; };
		4B924110279FFED8008D6EF5 /* ContentView.swift in Sources */ = {isa = PBXBuildFile; fileRef = 4B92410F279FFED8008D6EF5 /* ContentView.swift */; };
		4B924112279FFED9008D6EF5 /* Assets.xcassets in Resources */ = {isa = PBXBuildFile; fileRef = 4B924111279FFED9008D6EF5 /* Assets.xcassets */; };
		4B924115279FFED9008D6EF5 /* Preview Assets.xcassets in Resources */ = {isa = PBXBuildFile; fileRef = 4B924114279FFED9008D6EF5 /* Preview Assets.xcassets */; };
		4B92411F279FFEDA008D6EF5 /* startbux_design_tutsTests.swift in Sources */ = {isa = PBXBuildFile; fileRef = 4B92411E279FFEDA008D6EF5 /* startbux_design_tutsTests.swift */; };
		4B924129279FFEDA008D6EF5 /* startbux_design_tutsUITests.swift in Sources */ = {isa = PBXBuildFile; fileRef = 4B924128279FFEDA008D6EF5 /* startbux_design_tutsUITests.swift */; };
		4B92412B279FFEDA008D6EF5 /* startbux_design_tutsUITestsLaunchTests.swift in Sources */ = {isa = PBXBuildFile; fileRef = 4B92412A279FFEDA008D6EF5 /* startbux_design_tutsUITestsLaunchTests.swift */; };
		4B92413A27A001D7008D6EF5 /* BackSplash.swift in Sources */ = {isa = PBXBuildFile; fileRef = 4B92413927A001D7008D6EF5 /* BackSplash.swift */; };
		4B92413C27A0331D008D6EF5 /* TopView.swift in Sources */ = {isa = PBXBuildFile; fileRef = 4B92413B27A0331D008D6EF5 /* TopView.swift */; };
		4BD3703D27A194E4004CBAFB /* Food.swift in Sources */ = {isa = PBXBuildFile; fileRef = 4BD3703C27A194E4004CBAFB /* Food.swift */; };
		4BD3703F27A1953C004CBAFB /* FoodItem.swift in Sources */ = {isa = PBXBuildFile; fileRef = 4BD3703E27A1953C004CBAFB /* FoodItem.swift */; };
/* End PBXBuildFile section */

/* Begin PBXContainerItemProxy section */
		4B92411B279FFEDA008D6EF5 /* PBXContainerItemProxy */ = {
			isa = PBXContainerItemProxy;
			containerPortal = 4B924102279FFED8008D6EF5 /* Project object */;
			proxyType = 1;
			remoteGlobalIDString = 4B924109279FFED8008D6EF5;
			remoteInfo = "startbux-design-tuts";
		};
		4B924125279FFEDA008D6EF5 /* PBXContainerItemProxy */ = {
			isa = PBXContainerItemProxy;
			containerPortal = 4B924102279FFED8008D6EF5 /* Project object */;
			proxyType = 1;
			remoteGlobalIDString = 4B924109279FFED8008D6EF5;
			remoteInfo = "startbux-design-tuts";
		};
/* End PBXContainerItemProxy section */

/* Begin PBXFileReference section */
		4B06040B27A1620400644A1E /* TopCard.swift */ = {isa = PBXFileReference; lastKnownFileType = sourcecode.swift; path = TopCard.swift; sourceTree = "<group>"; };
		4B06040D27A1761C00644A1E /* BottomCard.swift */ = {isa = PBXFileReference; lastKnownFileType = sourcecode.swift; path = BottomCard.swift; sourceTree = "<group>"; };
		4B92410A279FFED8008D6EF5 /* startbux-design-tuts.app */ = {isa = PBXFileReference; explicitFileType = wrapper.application; includeInIndex = 0; path = "startbux-design-tuts.app"; sourceTree = BUILT_PRODUCTS_DIR; };
		4B92410D279FFED8008D6EF5 /* startbux_design_tutsApp.swift */ = {isa = PBXFileReference; lastKnownFileType = sourcecode.swift; path = startbux_design_tutsApp.swift; sourceTree = "<group>"; };
		4B92410F279FFED8008D6EF5 /* ContentView.swift */ = {isa = PBXFileReference; lastKnownFileType = sourcecode.swift; path = ContentView.swift; sourceTree = "<group>"; };
		4B924111279FFED9008D6EF5 /* Assets.xcassets */ = {isa = PBXFileReference; lastKnownFileType = folder.assetcatalog; path = Assets.xcassets; sourceTree = "<group>"; };
		4B924114279FFED9008D6EF5 /* Preview Assets.xcassets */ = {isa = PBXFileReference; lastKnownFileType = folder.assetcatalog; path = "Preview Assets.xcassets"; sourceTree = "<group>"; };
		4B92411A279FFEDA008D6EF5 /* startbux-design-tutsTests.xctest */ = {isa = PBXFileReference; explicitFileType = wrapper.cfbundle; includeInIndex = 0; path = "startbux-design-tutsTests.xctest"; sourceTree = BUILT_PRODUCTS_DIR; };
		4B92411E279FFEDA008D6EF5 /* startbux_design_tutsTests.swift */ = {isa = PBXFileReference; lastKnownFileType = sourcecode.swift; path = startbux_design_tutsTests.swift; sourceTree = "<group>"; };
		4B924124279FFEDA008D6EF5 /* startbux-design-tutsUITests.xctest */ = {isa = PBXFileReference; explicitFileType = wrapper.cfbundle; includeInIndex = 0; path = "startbux-design-tutsUITests.xctest"; sourceTree = BUILT_PRODUCTS_DIR; };
		4B924128279FFEDA008D6EF5 /* startbux_design_tutsUITests.swift */ = {isa = PBXFileReference; lastKnownFileType = sourcecode.swift; path = startbux_design_tutsUITests.swift; sourceTree = "<group>"; };
		4B92412A279FFEDA008D6EF5 /* startbux_design_tutsUITestsLaunchTests.swift */ = {isa = PBXFileReference; lastKnownFileType = sourcecode.swift; path = startbux_design_tutsUITestsLaunchTests.swift; sourceTree = "<group>"; };
		4B92413927A001D7008D6EF5 /* BackSplash.swift */ = {isa = PBXFileReference; lastKnownFileType = sourcecode.swift; path = BackSplash.swift; sourceTree = "<group>"; };
		4B92413B27A0331D008D6EF5 /* TopView.swift */ = {isa = PBXFileReference; lastKnownFileType = sourcecode.swift; path = TopView.swift; sourceTree = "<group>"; };
		4BD3703C27A194E4004CBAFB /* Food.swift */ = {isa = PBXFileReference; lastKnownFileType = sourcecode.swift; path = Food.swift; sourceTree = "<group>"; };
		4BD3703E27A1953C004CBAFB /* FoodItem.swift */ = {isa = PBXFileReference; lastKnownFileType = sourcecode.swift; path = FoodItem.swift; sourceTree = "<group>"; };
/* End PBXFileReference section */

/* Begin PBXFrameworksBuildPhase section */
		4B924107279FFED8008D6EF5 /* Frameworks */ = {
			isa = PBXFrameworksBuildPhase;
			buildActionMask = 2147483647;
			files = (
			);
			runOnlyForDeploymentPostprocessing = 0;
		};
		4B924117279FFEDA008D6EF5 /* Frameworks */ = {
			isa = PBXFrameworksBuildPhase;
			buildActionMask = 2147483647;
			files = (
			);
			runOnlyForDeploymentPostprocessing = 0;
		};
		4B924121279FFEDA008D6EF5 /* Frameworks */ = {
			isa = PBXFrameworksBuildPhase;
			buildActionMask = 2147483647;
			files = (
			);
			runOnlyForDeploymentPostprocessing = 0;
		};
/* End PBXFrameworksBuildPhase section */

/* Begin PBXGroup section */
		4B924101279FFED8008D6EF5 = {
			isa = PBXGroup;
			children = (
				4B92410C279FFED8008D6EF5 /* startbux-design-tuts */,
				4B92411D279FFEDA008D6EF5 /* startbux-design-tutsTests */,
				4B924127279FFEDA008D6EF5 /* startbux-design-tutsUITests */,
				4B92410B279FFED8008D6EF5 /* Products */,
			);
			sourceTree = "<group>";
		};
		4B92410B279FFED8008D6EF5 /* Products */ = {
			isa = PBXGroup;
			children = (
				4B92410A279FFED8008D6EF5 /* startbux-design-tuts.app */,
				4B92411A279FFEDA008D6EF5 /* startbux-design-tutsTests.xctest */,
				4B924124279FFEDA008D6EF5 /* startbux-design-tutsUITests.xctest */,
			);
			name = Products;
			sourceTree = "<group>";
		};
		4B92410C279FFED8008D6EF5 /* startbux-design-tuts */ = {
			isa = PBXGroup;
			children = (
				4B92413827A001C7008D6EF5 /* Models */,
				4B92413727A001B8008D6EF5 /* Views */,
				4B92410D279FFED8008D6EF5 /* startbux_design_tutsApp.swift */,
				4B92410F279FFED8008D6EF5 /* ContentView.swift */,
				4B924111279FFED9008D6EF5 /* Assets.xcassets */,
				4B924113279FFED9008D6EF5 /* Preview Content */,
			);
			path = "startbux-design-tuts";
			sourceTree = "<group>";
		};
		4B924113279FFED9008D6EF5 /* Preview Content */ = {
			isa = PBXGroup;
			children = (
				4B924114279FFED9008D6EF5 /* Preview Assets.xcassets */,
			);
			path = "Preview Content";
			sourceTree = "<group>";
		};
		4B92411D279FFEDA008D6EF5 /* startbux-design-tutsTests */ = {
			isa = PBXGroup;
			children = (
				4B92411E279FFEDA008D6EF5 /* startbux_design_tutsTests.swift */,
			);
			path = "startbux-design-tutsTests";
			sourceTree = "<group>";
		};
		4B924127279FFEDA008D6EF5 /* startbux-design-tutsUITests */ = {
			isa = PBXGroup;
			children = (
				4B924128279FFEDA008D6EF5 /* startbux_design_tutsUITests.swift */,
				4B92412A279FFEDA008D6EF5 /* startbux_design_tutsUITestsLaunchTests.swift */,
			);
			path = "startbux-design-tutsUITests";
			sourceTree = "<group>";
		};
		4B92413727A001B8008D6EF5 /* Views */ = {
			isa = PBXGroup;
			children = (
				4B92413927A001D7008D6EF5 /* BackSplash.swift */,
				4B92413B27A0331D008D6EF5 /* TopView.swift */,
				4B06040B27A1620400644A1E /* TopCard.swift */,
				4B06040D27A1761C00644A1E /* BottomCard.swift */,
				4BD3703E27A1953C004CBAFB /* FoodItem.swift */,
			);
			path = Views;
			sourceTree = "<group>";
		};
		4B92413827A001C7008D6EF5 /* Models */ = {
			isa = PBXGroup;
			children = (
				4BD3703C27A194E4004CBAFB /* Food.swift */,
			);
			path = Models;
			sourceTree = "<group>";
		};
/* End PBXGroup section */

/* Begin PBXNativeTarget section */
		4B924109279FFED8008D6EF5 /* startbux-design-tuts */ = {
			isa = PBXNativeTarget;
			buildConfigurationList = 4B92412E279FFEDA008D6EF5 /* Build configuration list for PBXNativeTarget "startbux-design-tuts" */;
			buildPhases = (
				4B924106279FFED8008D6EF5 /* Sources */,
				4B924107279FFED8008D6EF5 /* Frameworks */,
				4B924108279FFED8008D6EF5 /* Resources */,
			);
			buildRules = (
			);
			dependencies = (
			);
			name = "startbux-design-tuts";
			productName = "startbux-design-tuts";
			productReference = 4B92410A279FFED8008D6EF5 /* startbux-design-tuts.app */;
			productType = "com.apple.product-type.application";
		};
		4B924119279FFEDA008D6EF5 /* startbux-design-tutsTests */ = {
			isa = PBXNativeTarget;
			buildConfigurationList = 4B924131279FFEDA008D6EF5 /* Build configuration list for PBXNativeTarget "startbux-design-tutsTests" */;
			buildPhases = (
				4B924116279FFEDA008D6EF5 /* Sources */,
				4B924117279FFEDA008D6EF5 /* Frameworks */,
				4B924118279FFEDA008D6EF5 /* Resources */,
			);
			buildRules = (
			);
			dependencies = (
				4B92411C279FFEDA008D6EF5 /* PBXTargetDependency */,
			);
			name = "startbux-design-tutsTests";
			productName = "startbux-design-tutsTests";
			productReference = 4B92411A279FFEDA008D6EF5 /* startbux-design-tutsTests.xctest */;
			productType = "com.apple.product-type.bundle.unit-test";
		};
		4B924123279FFEDA008D6EF5 /* startbux-design-tutsUITests */ = {
			isa = PBXNativeTarget;
			buildConfigurationList = 4B924134279FFEDA008D6EF5 /* Build configuration list for PBXNativeTarget "startbux-design-tutsUITests" */;
			buildPhases = (
				4B924120279FFEDA008D6EF5 /* Sources */,
				4B924121279FFEDA008D6EF5 /* Frameworks */,
				4B924122279FFEDA008D6EF5 /* Resources */,
			);
			buildRules = (
			);
			dependencies = (
				4B924126279FFEDA008D6EF5 /* PBXTargetDependency */,
			);
			name = "startbux-design-tutsUITests";
			productName = "startbux-design-tutsUITests";
			productReference = 4B924124279FFEDA008D6EF5 /* startbux-design-tutsUITests.xctest */;
			productType = "com.apple.product-type.bundle.ui-testing";
		};
/* End PBXNativeTarget section */

/* Begin PBXProject section */
		4B924102279FFED8008D6EF5 /* Project object */ = {
			isa = PBXProject;
			attributes = {
				BuildIndependentTargetsInParallel = 1;
				LastSwiftUpdateCheck = 1320;
				LastUpgradeCheck = 1320;
				TargetAttributes = {
					4B924109279FFED8008D6EF5 = {
						CreatedOnToolsVersion = 13.2.1;
					};
					4B924119279FFEDA008D6EF5 = {
						CreatedOnToolsVersion = 13.2.1;
						TestTargetID = 4B924109279FFED8008D6EF5;
					};
					4B924123279FFEDA008D6EF5 = {
						CreatedOnToolsVersion = 13.2.1;
						TestTargetID = 4B924109279FFED8008D6EF5;
					};
				};
			};
			buildConfigurationList = 4B924105279FFED8008D6EF5 /* Build configuration list for PBXProject "startbux-design-tuts" */;
			compatibilityVersion = "Xcode 13.0";
			developmentRegion = en;
			hasScannedForEncodings = 0;
			knownRegions = (
				en,
				Base,
			);
			mainGroup = 4B924101279FFED8008D6EF5;
			productRefGroup = 4B92410B279FFED8008D6EF5 /* Products */;
			projectDirPath = "";
			projectRoot = "";
			targets = (
				4B924109279FFED8008D6EF5 /* startbux-design-tuts */,
				4B924119279FFEDA008D6EF5 /* startbux-design-tutsTests */,
				4B924123279FFEDA008D6EF5 /* startbux-design-tutsUITests */,
			);
		};
/* End PBXProject section */

/* Begin PBXResourcesBuildPhase section */
		4B924108279FFED8008D6EF5 /* Resources */ = {
			isa = PBXResourcesBuildPhase;
			buildActionMask = 2147483647;
			files = (
				4B924115279FFED9008D6EF5 /* Preview Assets.xcassets in Resources */,
				4B924112279FFED9008D6EF5 /* Assets.xcassets in Resources */,
			);
			runOnlyForDeploymentPostprocessing = 0;
		};
		4B924118279FFEDA008D6EF5 /* Resources */ = {
			isa = PBXResourcesBuildPhase;
			buildActionMask = 2147483647;
			files = (
			);
			runOnlyForDeploymentPostprocessing = 0;
		};
		4B924122279FFEDA008D6EF5 /* Resources */ = {
			isa = PBXResourcesBuildPhase;
			buildActionMask = 2147483647;
			files = (
			);
			runOnlyForDeploymentPostprocessing = 0;
		};
/* End PBXResourcesBuildPhase section */

/* Begin PBXSourcesBuildPhase section */
		4B924106279FFED8008D6EF5 /* Sources */ = {
			isa = PBXSourcesBuildPhase;
			buildActionMask = 2147483647;
			files = (
				4BD3703F27A1953C004CBAFB /* FoodItem.swift in Sources */,
				4BD3703D27A194E4004CBAFB /* Food.swift in Sources */,
				4B92413A27A001D7008D6EF5 /* BackSplash.swift in Sources */,
				4B924110279FFED8008D6EF5 /* ContentView.swift in Sources */,
				4B06040E27A1761C00644A1E /* BottomCard.swift in Sources */,
				4B92413C27A0331D008D6EF5 /* TopView.swift in Sources */,
				4B06040C27A1620400644A1E /* TopCard.swift in Sources */,
				4B92410E279FFED8008D6EF5 /* startbux_design_tutsApp.swift in Sources */,
			);
			runOnlyForDeploymentPostprocessing = 0;
		};
		4B924116279FFEDA008D6EF5 /* Sources */ = {
			isa = PBXSourcesBuildPhase;
			buildActionMask = 2147483647;
			files = (
				4B92411F279FFEDA008D6EF5 /* startbux_design_tutsTests.swift in Sources */,
			);
			runOnlyForDeploymentPostprocessing = 0;
		};
		4B924120279FFEDA008D6EF5 /* Sources */ = {
			isa = PBXSourcesBuildPhase;
			buildActionMask = 2147483647;
			files = (
				4B924129279FFEDA008D6EF5 /* startbux_design_tutsUITests.swift in Sources */,
				4B92412B279FFEDA008D6EF5 /* startbux_design_tutsUITestsLaunchTests.swift in Sources */,
			);
			runOnlyForDeploymentPostprocessing = 0;
		};
/* End PBXSourcesBuildPhase section */

/* Begin PBXTargetDependency section */
		4B92411C279FFEDA008D6EF5 /* PBXTargetDependency */ = {
			isa = PBXTargetDependency;
			target = 4B924109279FFED8008D6EF5 /* startbux-design-tuts */;
			targetProxy = 4B92411B279FFEDA008D6EF5 /* PBXContainerItemProxy */;
		};
		4B924126279FFEDA008D6EF5 /* PBXTargetDependency */ = {
			isa = PBXTargetDependency;
			target = 4B924109279FFED8008D6EF5 /* startbux-design-tuts */;
			targetProxy = 4B924125279FFEDA008D6EF5 /* PBXContainerItemProxy */;
		};
/* End PBXTargetDependency section */

/* Begin XCBuildConfiguration section */
		4B92412C279FFEDA008D6EF5 /* Debug */ = {
			isa = XCBuildConfiguration;
			buildSettings = {
				ALWAYS_SEARCH_USER_PATHS = NO;
				CLANG_ANALYZER_NONNULL = YES;
				CLANG_ANALYZER_NUMBER_OBJECT_CONVERSION = YES_AGGRESSIVE;
				CLANG_CXX_LANGUAGE_STANDARD = "gnu++17";
				CLANG_CXX_LIBRARY = "libc++";
				CLANG_ENABLE_MODULES = YES;
				CLANG_ENABLE_OBJC_ARC = YES;
				CLANG_ENABLE_OBJC_WEAK = YES;
				CLANG_WARN_BLOCK_CAPTURE_AUTORELEASING = YES;
				CLANG_WARN_BOOL_CONVERSION = YES;
				CLANG_WARN_COMMA = YES;
				CLANG_WARN_CONSTANT_CONVERSION = YES;
				CLANG_WARN_DEPRECATED_OBJC_IMPLEMENTATIONS = YES;
				CLANG_WARN_DIRECT_OBJC_ISA_USAGE = YES_ERROR;
				CLANG_WARN_DOCUMENTATION_COMMENTS = YES;
				CLANG_WARN_EMPTY_BODY = YES;
				CLANG_WARN_ENUM_CONVERSION = YES;
				CLANG_WARN_INFINITE_RECURSION = YES;
				CLANG_WARN_INT_CONVERSION = YES;
				CLANG_WARN_NON_LITERAL_NULL_CONVERSION = YES;
				CLANG_WARN_OBJC_IMPLICIT_RETAIN_SELF = YES;
				CLANG_WARN_OBJC_LITERAL_CONVERSION = YES;
				CLANG_WARN_OBJC_ROOT_CLASS = YES_ERROR;
				CLANG_WARN_QUOTED_INCLUDE_IN_FRAMEWORK_HEADER = YES;
				CLANG_WARN_RANGE_LOOP_ANALYSIS = YES;
				CLANG_WARN_STRICT_PROTOTYPES = YES;
				CLANG_WARN_SUSPICIOUS_MOVE = YES;
				CLANG_WARN_UNGUARDED_AVAILABILITY = YES_AGGRESSIVE;
				CLANG_WARN_UNREACHABLE_CODE = YES;
				CLANG_WARN__DUPLICATE_METHOD_MATCH = YES;
				COPY_PHASE_STRIP = NO;
				DEBUG_INFORMATION_FORMAT = dwarf;
				ENABLE_STRICT_OBJC_MSGSEND = YES;
				ENABLE_TESTABILITY = YES;
				GCC_C_LANGUAGE_STANDARD = gnu11;
				GCC_DYNAMIC_NO_PIC = NO;
				GCC_NO_COMMON_BLOCKS = YES;
				GCC_OPTIMIZATION_LEVEL = 0;
				GCC_PREPROCESSOR_DEFINITIONS = (
					"DEBUG=1",
					"$(inherited)",
				);
				GCC_WARN_64_TO_32_BIT_CONVERSION = YES;
				GCC_WARN_ABOUT_RETURN_TYPE = YES_ERROR;
				GCC_WARN_UNDECLARED_SELECTOR = YES;
				GCC_WARN_UNINITIALIZED_AUTOS = YES_AGGRESSIVE;
				GCC_WARN_UNUSED_FUNCTION = YES;
				GCC_WARN_UNUSED_VARIABLE = YES;
				IPHONEOS_DEPLOYMENT_TARGET = 15.2;
				MTL_ENABLE_DEBUG_INFO = INCLUDE_SOURCE;
				MTL_FAST_MATH = YES;
				ONLY_ACTIVE_ARCH = YES;
				SDKROOT = iphoneos;
				SWIFT_ACTIVE_COMPILATION_CONDITIONS = DEBUG;
				SWIFT_OPTIMIZATION_LEVEL = "-Onone";
			};
			name = Debug;
		};
		4B92412D279FFEDA008D6EF5 /* Release */ = {
			isa = XCBuildConfiguration;
			buildSettings = {
				ALWAYS_SEARCH_USER_PATHS = NO;
				CLANG_ANALYZER_NONNULL = YES;
				CLANG_ANALYZER_NUMBER_OBJECT_CONVERSION = YES_AGGRESSIVE;
				CLANG_CXX_LANGUAGE_STANDARD = "gnu++17";
				CLANG_CXX_LIBRARY = "libc++";
				CLANG_ENABLE_MODULES = YES;
				CLANG_ENABLE_OBJC_ARC = YES;
				CLANG_ENABLE_OBJC_WEAK = YES;
				CLANG_WARN_BLOCK_CAPTURE_AUTORELEASING = YES;
				CLANG_WARN_BOOL_CONVERSION = YES;
				CLANG_WARN_COMMA = YES;
				CLANG_WARN_CONSTANT_CONVERSION = YES;
				CLANG_WARN_DEPRECATED_OBJC_IMPLEMENTATIONS = YES;
				CLANG_WARN_DIRECT_OBJC_ISA_USAGE = YES_ERROR;
				CLANG_WARN_DOCUMENTATION_COMMENTS = YES;
				CLANG_WARN_EMPTY_BODY = YES;
				CLANG_WARN_ENUM_CONVERSION = YES;
				CLANG_WARN_INFINITE_RECURSION = YES;
				CLANG_WARN_INT_CONVERSION = YES;
				CLANG_WARN_NON_LITERAL_NULL_CONVERSION = YES;
				CLANG_WARN_OBJC_IMPLICIT_RETAIN_SELF = YES;
				CLANG_WARN_OBJC_LITERAL_CONVERSION = YES;
				CLANG_WARN_OBJC_ROOT_CLASS = YES_ERROR;
				CLANG_WARN_QUOTED_INCLUDE_IN_FRAMEWORK_HEADER = YES;
				CLANG_WARN_RANGE_LOOP_ANALYSIS = YES;
				CLANG_WARN_STRICT_PROTOTYPES = YES;
				CLANG_WARN_SUSPICIOUS_MOVE = YES;
				CLANG_WARN_UNGUARDED_AVAILABILITY = YES_AGGRESSIVE;
				CLANG_WARN_UNREACHABLE_CODE = YES;
				CLANG_WARN__DUPLICATE_METHOD_MATCH = YES;
				COPY_PHASE_STRIP = NO;
				DEBUG_INFORMATION_FORMAT = "dwarf-with-dsym";
				ENABLE_NS_ASSERTIONS = NO;
				ENABLE_STRICT_OBJC_MSGSEND = YES;
				GCC_C_LANGUAGE_STANDARD = gnu11;
				GCC_NO_COMMON_BLOCKS = YES;
				GCC_WARN_64_TO_32_BIT_CONVERSION = YES;
				GCC_WARN_ABOUT_RETURN_TYPE = YES_ERROR;
				GCC_WARN_UNDECLARED_SELECTOR = YES;
				GCC_WARN_UNINITIALIZED_AUTOS = YES_AGGRESSIVE;
				GCC_WARN_UNUSED_FUNCTION = YES;
				GCC_WARN_UNUSED_VARIABLE = YES;
				IPHONEOS_DEPLOYMENT_TARGET = 15.2;
				MTL_ENABLE_DEBUG_INFO = NO;
				MTL_FAST_MATH = YES;
				SDKROOT = iphoneos;
				SWIFT_COMPILATION_MODE = wholemodule;
				SWIFT_OPTIMIZATION_LEVEL = "-O";
				VALIDATE_PRODUCT = YES;
			};
			name = Release;
		};
		4B92412F279FFEDA008D6EF5 /* Debug */ = {
			isa = XCBuildConfiguration;
			buildSettings = {
				ASSETCATALOG_COMPILER_APPICON_NAME = AppIcon;
				ASSETCATALOG_COMPILER_GLOBAL_ACCENT_COLOR_NAME = AccentColor;
				CODE_SIGN_STYLE = Automatic;
				CURRENT_PROJECT_VERSION = 1;
				DEVELOPMENT_ASSET_PATHS = "\"startbux-design-tuts/Preview Content\"";
				DEVELOPMENT_TEAM = 66UN7U45CR;
				ENABLE_PREVIEWS = YES;
				GENERATE_INFOPLIST_FILE = YES;
				INFOPLIST_KEY_UIApplicationSceneManifest_Generation = YES;
				INFOPLIST_KEY_UIApplicationSupportsIndirectInputEvents = YES;
				INFOPLIST_KEY_UILaunchScreen_Generation = YES;
				INFOPLIST_KEY_UISupportedInterfaceOrientations_iPad = "UIInterfaceOrientationPortrait UIInterfaceOrientationPortraitUpsideDown UIInterfaceOrientationLandscapeLeft UIInterfaceOrientationLandscapeRight";
				INFOPLIST_KEY_UISupportedInterfaceOrientations_iPhone = "UIInterfaceOrientationPortrait UIInterfaceOrientationLandscapeLeft UIInterfaceOrientationLandscapeRight";
				LD_RUNPATH_SEARCH_PATHS = (
					"$(inherited)",
					"@executable_path/Frameworks",
				);
				MARKETING_VERSION = 1.0;
				PRODUCT_BUNDLE_IDENTIFIER = "ugdev.startbux-design-tuts";
				PRODUCT_NAME = "$(TARGET_NAME)";
				SWIFT_EMIT_LOC_STRINGS = YES;
				SWIFT_VERSION = 5.0;
				TARGETED_DEVICE_FAMILY = "1,2";
			};
			name = Debug;
		};
		4B924130279FFEDA008D6EF5 /* Release */ = {
			isa = XCBuildConfiguration;
			buildSettings = {
				ASSETCATALOG_COMPILER_APPICON_NAME = AppIcon;
				ASSETCATALOG_COMPILER_GLOBAL_ACCENT_COLOR_NAME = AccentColor;
				CODE_SIGN_STYLE = Automatic;
				CURRENT_PROJECT_VERSION = 1;
				DEVELOPMENT_ASSET_PATHS = "\"startbux-design-tuts/Preview Content\"";
				DEVELOPMENT_TEAM = 66UN7U45CR;
				ENABLE_PREVIEWS = YES;
				GENERATE_INFOPLIST_FILE = YES;
				INFOPLIST_KEY_UIApplicationSceneManifest_Generation = YES;
				INFOPLIST_KEY_UIApplicationSupportsIndirectInputEvents = YES;
				INFOPLIST_KEY_UILaunchScreen_Generation = YES;
				INFOPLIST_KEY_UISupportedInterfaceOrientations_iPad = "UIInterfaceOrientationPortrait UIInterfaceOrientationPortraitUpsideDown UIInterfaceOrientationLandscapeLeft UIInterfaceOrientationLandscapeRight";
				INFOPLIST_KEY_UISupportedInterfaceOrientations_iPhone = "UIInterfaceOrientationPortrait UIInterfaceOrientationLandscapeLeft UIInterfaceOrientationLandscapeRight";
				LD_RUNPATH_SEARCH_PATHS = (
					"$(inherited)",
					"@executable_path/Frameworks",
				);
				MARKETING_VERSION = 1.0;
				PRODUCT_BUNDLE_IDENTIFIER = "ugdev.startbux-design-tuts";
				PRODUCT_NAME = "$(TARGET_NAME)";
				SWIFT_EMIT_LOC_STRINGS = YES;
				SWIFT_VERSION = 5.0;
				TARGETED_DEVICE_FAMILY = "1,2";
			};
			name = Release;
		};
		4B924132279FFEDA008D6EF5 /* Debug */ = {
			isa = XCBuildConfiguration;
			buildSettings = {
				ALWAYS_EMBED_SWIFT_STANDARD_LIBRARIES = YES;
				BUNDLE_LOADER = "$(TEST_HOST)";
				CODE_SIGN_STYLE = Automatic;
				CURRENT_PROJECT_VERSION = 1;
				DEVELOPMENT_TEAM = 66UN7U45CR;
				GENERATE_INFOPLIST_FILE = YES;
				IPHONEOS_DEPLOYMENT_TARGET = 15.2;
				MARKETING_VERSION = 1.0;
				PRODUCT_BUNDLE_IDENTIFIER = "ugdev.startbux-design-tutsTests";
				PRODUCT_NAME = "$(TARGET_NAME)";
				SWIFT_EMIT_LOC_STRINGS = NO;
				SWIFT_VERSION = 5.0;
				TARGETED_DEVICE_FAMILY = "1,2";
				TEST_HOST = "$(BUILT_PRODUCTS_DIR)/startbux-design-tuts.app/startbux-design-tuts";
			};
			name = Debug;
		};
		4B924133279FFEDA008D6EF5 /* Release */ = {
			isa = XCBuildConfiguration;
			buildSettings = {
				ALWAYS_EMBED_SWIFT_STANDARD_LIBRARIES = YES;
				BUNDLE_LOADER = "$(TEST_HOST)";
				CODE_SIGN_STYLE = Automatic;
				CURRENT_PROJECT_VERSION = 1;
				DEVELOPMENT_TEAM = 66UN7U45CR;
				GENERATE_INFOPLIST_FILE = YES;
				IPHONEOS_DEPLOYMENT_TARGET = 15.2;
				MARKETING_VERSION = 1.0;
				PRODUCT_BUNDLE_IDENTIFIER = "ugdev.startbux-design-tutsTests";
				PRODUCT_NAME = "$(TARGET_NAME)";
				SWIFT_EMIT_LOC_STRINGS = NO;
				SWIFT_VERSION = 5.0;
				TARGETED_DEVICE_FAMILY = "1,2";
				TEST_HOST = "$(BUILT_PRODUCTS_DIR)/startbux-design-tuts.app/startbux-design-tuts";
			};
			name = Release;
		};
		4B924135279FFEDA008D6EF5 /* Debug */ = {
			isa = XCBuildConfiguration;
			buildSettings = {
				ALWAYS_EMBED_SWIFT_STANDARD_LIBRARIES = YES;
				CODE_SIGN_STYLE = Automatic;
				CURRENT_PROJECT_VERSION = 1;
				DEVELOPMENT_TEAM = 66UN7U45CR;
				GENERATE_INFOPLIST_FILE = YES;
				MARKETING_VERSION = 1.0;
				PRODUCT_BUNDLE_IDENTIFIER = "ugdev.startbux-design-tutsUITests";
				PRODUCT_NAME = "$(TARGET_NAME)";
				SWIFT_EMIT_LOC_STRINGS = NO;
				SWIFT_VERSION = 5.0;
				TARGETED_DEVICE_FAMILY = "1,2";
				TEST_TARGET_NAME = "startbux-design-tuts";
			};
			name = Debug;
		};
		4B924136279FFEDA008D6EF5 /* Release */ = {
			isa = XCBuildConfiguration;
			buildSettings = {
				ALWAYS_EMBED_SWIFT_STANDARD_LIBRARIES = YES;
				CODE_SIGN_STYLE = Automatic;
				CURRENT_PROJECT_VERSION = 1;
				DEVELOPMENT_TEAM = 66UN7U45CR;
				GENERATE_INFOPLIST_FILE = YES;
				MARKETING_VERSION = 1.0;
				PRODUCT_BUNDLE_IDENTIFIER = "ugdev.startbux-design-tutsUITests";
				PRODUCT_NAME = "$(TARGET_NAME)";
				SWIFT_EMIT_LOC_STRINGS = NO;
				SWIFT_VERSION = 5.0;
				TARGETED_DEVICE_FAMILY = "1,2";
				TEST_TARGET_NAME = "startbux-design-tuts";
			};
			name = Release;
		};
/* End XCBuildConfiguration section */

/* Begin XCConfigurationList section */
		4B924105279FFED8008D6EF5 /* Build configuration list for PBXProject "startbux-design-tuts" */ = {
			isa = XCConfigurationList;
			buildConfigurations = (
				4B92412C279FFEDA008D6EF5 /* Debug */,
				4B92412D279FFEDA008D6EF5 /* Release */,
			);
			defaultConfigurationIsVisible = 0;
			defaultConfigurationName = Release;
		};
		4B92412E279FFEDA008D6EF5 /* Build configuration list for PBXNativeTarget "startbux-design-tuts" */ = {
			isa = XCConfigurationList;
			buildConfigurations = (
				4B92412F279FFEDA008D6EF5 /* Debug */,
				4B924130279FFEDA008D6EF5 /* Release */,
			);
			defaultConfigurationIsVisible = 0;
			defaultConfigurationName = Release;
		};
		4B924131279FFEDA008D6EF5 /* Build configuration list for PBXNativeTarget "startbux-design-tutsTests" */ = {
			isa = XCConfigurationList;
			buildConfigurations = (
				4B924132279FFEDA008D6EF5 /* Debug */,
				4B924133279FFEDA008D6EF5 /* Release */,
			);
			defaultConfigurationIsVisible = 0;
			defaultConfigurationName = Release;
		};
		4B924134279FFEDA008D6EF5 /* Build configuration list for PBXNativeTarget "startbux-design-tutsUITests" */ = {
			isa = XCConfigurationList;
			buildConfigurations = (
				4B924135279FFEDA008D6EF5 /* Debug */,
				4B924136279FFEDA008D6EF5 /* Release */,
			);
			defaultConfigurationIsVisible = 0;
			defaultConfigurationName = Release;
		};
/* End XCConfigurationList section */
	};
	rootObject = 4B924102279FFED8008D6EF5 /* Project object */;
}
